// !$*UTF8*$!
{
	archiveVersion = 1;
	classes = {
	};
	objectVersion = 46;
	objects = {

/* Begin PBXBuildFile section */
		35C24B7314E0C2D400079E86 /* dboard.c in Sources */ = {isa = PBXBuildFile; fileRef = 35DDA88D14DE1C5200907C1C /* dboard.c */; };
		35C24B7414E0C2D500079E86 /* dboard.c in Sources */ = {isa = PBXBuildFile; fileRef = 35DDA88D14DE1C5200907C1C /* dboard.c */; };
		35DA586614E0891F0008A764 /* master.c in Sources */ = {isa = PBXBuildFile; fileRef = 35DA585514E088A80008A764 /* master.c */; };
		35DA587514E089460008A764 /* slave.c in Sources */ = {isa = PBXBuildFile; fileRef = 35DA585614E088B00008A764 /* slave.c */; };
		35DDA88514DE1BDD00907C1C /* main.c in Sources */ = {isa = PBXBuildFile; fileRef = 35DDA88414DE1BDD00907C1C /* main.c */; };
		35DDA88E14DE1C5200907C1C /* dboard.c in Sources */ = {isa = PBXBuildFile; fileRef = 35DDA88D14DE1C5200907C1C /* dboard.c */; };
		35DDA89D14DE220000907C1C /* main.c in Sources */ = {isa = PBXBuildFile; fileRef = 35DDA89C14DE220000907C1C /* main.c */; };
		35DDA8A514DE24E800907C1C /* dboard.c in Sources */ = {isa = PBXBuildFile; fileRef = 35DDA88D14DE1C5200907C1C /* dboard.c */; };
/* End PBXBuildFile section */

/* Begin PBXContainerItemProxy section */
		3527547914E0927D00D65F51 /* PBXContainerItemProxy */ = {
			isa = PBXContainerItemProxy;
			containerPortal = 35DDA87414DE1B7B00907C1C /* Project object */;
			proxyType = 1;
			remoteGlobalIDString = 35DA586A14E089380008A764;
			remoteInfo = "COMP428-A1-Parallel-Spawn-Slave";
		};
/* End PBXContainerItemProxy section */

/* Begin PBXCopyFilesBuildPhase section */
		35DA585A14E088F90008A764 /* CopyFiles */ = {
			isa = PBXCopyFilesBuildPhase;
			buildActionMask = 2147483647;
			dstPath = /usr/share/man/man1/;
			dstSubfolderSpec = 0;
			files = (
			);
			runOnlyForDeploymentPostprocessing = 1;
		};
		35DA586914E089380008A764 /* CopyFiles */ = {
			isa = PBXCopyFilesBuildPhase;
			buildActionMask = 2147483647;
			dstPath = /usr/share/man/man1/;
			dstSubfolderSpec = 0;
			files = (
			);
			runOnlyForDeploymentPostprocessing = 1;
		};
		35DDA87E14DE1BDD00907C1C /* CopyFiles */ = {
			isa = PBXCopyFilesBuildPhase;
			buildActionMask = 2147483647;
			dstPath = /usr/share/man/man1/;
			dstSubfolderSpec = 0;
			files = (
			);
			runOnlyForDeploymentPostprocessing = 1;
		};
		35DDA89714DE220000907C1C /* CopyFiles */ = {
			isa = PBXCopyFilesBuildPhase;
			buildActionMask = 2147483647;
			dstPath = /usr/share/man/man1/;
			dstSubfolderSpec = 0;
			files = (
			);
			runOnlyForDeploymentPostprocessing = 1;
		};
/* End PBXCopyFilesBuildPhase section */

/* Begin PBXFileReference section */
		35C24B7114E09B1C00079E86 /* Makefile */ = {isa = PBXFileReference; lastKnownFileType = sourcecode.make; path = Makefile; sourceTree = "<group>"; };
		35DA585514E088A80008A764 /* master.c */ = {isa = PBXFileReference; lastKnownFileType = sourcecode.c.c; path = master.c; sourceTree = "<group>"; };
		35DA585614E088B00008A764 /* slave.c */ = {isa = PBXFileReference; fileEncoding = 4; lastKnownFileType = sourcecode.c.c; path = slave.c; sourceTree = "<group>"; };
		35DA585C14E088F90008A764 /* COMP428-A1-Parallel-Spawn-Master */ = {isa = PBXFileReference; explicitFileType = "compiled.mach-o.executable"; includeInIndex = 0; path = "COMP428-A1-Parallel-Spawn-Master"; sourceTree = BUILT_PRODUCTS_DIR; };
		35DA586B14E089380008A764 /* COMP428-A1-Parallel-Spawn-Slave */ = {isa = PBXFileReference; explicitFileType = "compiled.mach-o.executable"; includeInIndex = 0; path = "COMP428-A1-Parallel-Spawn-Slave"; sourceTree = BUILT_PRODUCTS_DIR; };
		35DDA88014DE1BDD00907C1C /* COMP428-A1-Parallel */ = {isa = PBXFileReference; explicitFileType = "compiled.mach-o.executable"; includeInIndex = 0; path = "COMP428-A1-Parallel"; sourceTree = BUILT_PRODUCTS_DIR; };
		35DDA88414DE1BDD00907C1C /* main.c */ = {isa = PBXFileReference; lastKnownFileType = sourcecode.c.c; path = main.c; sourceTree = "<group>"; };
		35DDA88C14DE1C5200907C1C /* comp428_A1.h */ = {isa = PBXFileReference; fileEncoding = 4; lastKnownFileType = sourcecode.c.h; path = comp428_A1.h; sourceTree = "<group>"; };
		35DDA88D14DE1C5200907C1C /* dboard.c */ = {isa = PBXFileReference; fileEncoding = 4; lastKnownFileType = sourcecode.c.c; path = dboard.c; sourceTree = "<group>"; };
		35DDA89914DE220000907C1C /* COMP428-A1-Sequential */ = {isa = PBXFileReference; explicitFileType = "compiled.mach-o.executable"; includeInIndex = 0; path = "COMP428-A1-Sequential"; sourceTree = BUILT_PRODUCTS_DIR; };
		35DDA89C14DE220000907C1C /* main.c */ = {isa = PBXFileReference; lastKnownFileType = sourcecode.c.c; path = main.c; sourceTree = "<group>"; };
/* End PBXFileReference section */

/* Begin PBXFrameworksBuildPhase section */
		35DA585914E088F90008A764 /* Frameworks */ = {
			isa = PBXFrameworksBuildPhase;
			buildActionMask = 2147483647;
			files = (
			);
			runOnlyForDeploymentPostprocessing = 0;
		};
		35DA586814E089380008A764 /* Frameworks */ = {
			isa = PBXFrameworksBuildPhase;
			buildActionMask = 2147483647;
			files = (
			);
			runOnlyForDeploymentPostprocessing = 0;
		};
		35DDA87D14DE1BDD00907C1C /* Frameworks */ = {
			isa = PBXFrameworksBuildPhase;
			buildActionMask = 2147483647;
			files = (
			);
			runOnlyForDeploymentPostprocessing = 0;
		};
		35DDA89614DE220000907C1C /* Frameworks */ = {
			isa = PBXFrameworksBuildPhase;
			buildActionMask = 2147483647;
			files = (
			);
			runOnlyForDeploymentPostprocessing = 0;
		};
/* End PBXFrameworksBuildPhase section */

/* Begin PBXGroup section */
		35AB679614E06FD80093A426 /* COMP428-A1-Parallel-Spawn */ = {
			isa = PBXGroup;
			children = (
				35DA585514E088A80008A764 /* master.c */,
				35DA585614E088B00008A764 /* slave.c */,
			);
			path = "COMP428-A1-Parallel-Spawn";
			sourceTree = "<group>";
		};
		35DDA87214DE1B7B00907C1C = {
			isa = PBXGroup;
			children = (
				35C24B7114E09B1C00079E86 /* Makefile */,
				35DDA89B14DE220000907C1C /* COMP428-A1-Sequential */,
				35DDA88314DE1BDD00907C1C /* COMP428-A1-Parallel */,
				35AB679614E06FD80093A426 /* COMP428-A1-Parallel-Spawn */,
				35DDA8A414DE23DD00907C1C /* Shared */,
				35DDA88114DE1BDD00907C1C /* Products */,
			);
			sourceTree = "<group>";
		};
		35DDA88114DE1BDD00907C1C /* Products */ = {
			isa = PBXGroup;
			children = (
				35DDA88014DE1BDD00907C1C /* COMP428-A1-Parallel */,
				35DDA89914DE220000907C1C /* COMP428-A1-Sequential */,
				35DA585C14E088F90008A764 /* COMP428-A1-Parallel-Spawn-Master */,
				35DA586B14E089380008A764 /* COMP428-A1-Parallel-Spawn-Slave */,
			);
			name = Products;
			sourceTree = "<group>";
		};
		35DDA88314DE1BDD00907C1C /* COMP428-A1-Parallel */ = {
			isa = PBXGroup;
			children = (
				35DDA88414DE1BDD00907C1C /* main.c */,
			);
			path = "COMP428-A1-Parallel";
			sourceTree = SOURCE_ROOT;
		};
		35DDA89B14DE220000907C1C /* COMP428-A1-Sequential */ = {
			isa = PBXGroup;
			children = (
				35DDA89C14DE220000907C1C /* main.c */,
			);
			path = "COMP428-A1-Sequential";
			sourceTree = "<group>";
		};
		35DDA8A414DE23DD00907C1C /* Shared */ = {
			isa = PBXGroup;
			children = (
				35DDA88C14DE1C5200907C1C /* comp428_A1.h */,
				35DDA88D14DE1C5200907C1C /* dboard.c */,
			);
			name = Shared;
			path = "COMP428-A1-Shared";
			sourceTree = "<group>";
		};
/* End PBXGroup section */

/* Begin PBXNativeTarget section */
		35DA585B14E088F90008A764 /* COMP428-A1-Parallel-Spawn-Master */ = {
			isa = PBXNativeTarget;
			buildConfigurationList = 35DA586314E088F90008A764 /* Build configuration list for PBXNativeTarget "COMP428-A1-Parallel-Spawn-Master" */;
			buildPhases = (
				35DA585814E088F90008A764 /* Sources */,
				35DA585914E088F90008A764 /* Frameworks */,
				35DA585A14E088F90008A764 /* CopyFiles */,
			);
			buildRules = (
			);
			dependencies = (
				3527547A14E0927D00D65F51 /* PBXTargetDependency */,
			);
			name = "COMP428-A1-Parallel-Spawn-Master";
			productName = "COMP428-A1-Parallel-Spawn-Master";
			productReference = 35DA585C14E088F90008A764 /* COMP428-A1-Parallel-Spawn-Master */;
			productType = "com.apple.product-type.tool";
		};
		35DA586A14E089380008A764 /* COMP428-A1-Parallel-Spawn-Slave */ = {
			isa = PBXNativeTarget;
			buildConfigurationList = 35DA587214E089380008A764 /* Build configuration list for PBXNativeTarget "COMP428-A1-Parallel-Spawn-Slave" */;
			buildPhases = (
				35DA586714E089380008A764 /* Sources */,
				35DA586814E089380008A764 /* Frameworks */,
				35DA586914E089380008A764 /* CopyFiles */,
			);
			buildRules = (
			);
			dependencies = (
			);
			name = "COMP428-A1-Parallel-Spawn-Slave";
			productName = "COMP428-A1-Parallel-Spawn-Slave";
			productReference = 35DA586B14E089380008A764 /* COMP428-A1-Parallel-Spawn-Slave */;
			productType = "com.apple.product-type.tool";
		};
		35DDA87F14DE1BDD00907C1C /* COMP428-A1-Parallel */ = {
			isa = PBXNativeTarget;
			buildConfigurationList = 35DDA88814DE1BDD00907C1C /* Build configuration list for PBXNativeTarget "COMP428-A1-Parallel" */;
			buildPhases = (
				35DDA87C14DE1BDD00907C1C /* Sources */,
				35DDA87D14DE1BDD00907C1C /* Frameworks */,
				35DDA87E14DE1BDD00907C1C /* CopyFiles */,
			);
			buildRules = (
			);
			dependencies = (
			);
			name = "COMP428-A1-Parallel";
			productName = "COMP428-A1-Parallel";
			productReference = 35DDA88014DE1BDD00907C1C /* COMP428-A1-Parallel */;
			productType = "com.apple.product-type.tool";
		};
		35DDA89814DE220000907C1C /* COMP428-A1-Sequential */ = {
			isa = PBXNativeTarget;
			buildConfigurationList = 35DDA8A014DE220000907C1C /* Build configuration list for PBXNativeTarget "COMP428-A1-Sequential" */;
			buildPhases = (
				35DDA89514DE220000907C1C /* Sources */,
				35DDA89614DE220000907C1C /* Frameworks */,
				35DDA89714DE220000907C1C /* CopyFiles */,
			);
			buildRules = (
			);
			dependencies = (
			);
			name = "COMP428-A1-Sequential";
			productName = "COMP428-A1-Sequential";
			productReference = 35DDA89914DE220000907C1C /* COMP428-A1-Sequential */;
			productType = "com.apple.product-type.tool";
		};
/* End PBXNativeTarget section */

/* Begin PBXProject section */
		35DDA87414DE1B7B00907C1C /* Project object */ = {
			isa = PBXProject;
			attributes = {
				LastUpgradeCheck = 0420;
				ORGANIZATIONNAME = Concordia;
			};
			buildConfigurationList = 35DDA87714DE1B7B00907C1C /* Build configuration list for PBXProject "COMP428-A1" */;
			compatibilityVersion = "Xcode 3.2";
			developmentRegion = English;
			hasScannedForEncodings = 0;
			knownRegions = (
				en,
			);
			mainGroup = 35DDA87214DE1B7B00907C1C;
			productRefGroup = 35DDA88114DE1BDD00907C1C /* Products */;
			projectDirPath = "";
			projectRoot = "";
			targets = (
				35DDA89814DE220000907C1C /* COMP428-A1-Sequential */,
				35DDA87F14DE1BDD00907C1C /* COMP428-A1-Parallel */,
				35DA585B14E088F90008A764 /* COMP428-A1-Parallel-Spawn-Master */,
				35DA586A14E089380008A764 /* COMP428-A1-Parallel-Spawn-Slave */,
			);
		};
/* End PBXProject section */

/* Begin PBXSourcesBuildPhase section */
		35DA585814E088F90008A764 /* Sources */ = {
			isa = PBXSourcesBuildPhase;
			buildActionMask = 2147483647;
			files = (
				35DA586614E0891F0008A764 /* master.c in Sources */,
				35C24B7414E0C2D500079E86 /* dboard.c in Sources */,
			);
			runOnlyForDeploymentPostprocessing = 0;
		};
		35DA586714E089380008A764 /* Sources */ = {
			isa = PBXSourcesBuildPhase;
			buildActionMask = 2147483647;
			files = (
				35DA587514E089460008A764 /* slave.c in Sources */,
				35C24B7314E0C2D400079E86 /* dboard.c in Sources */,
			);
			runOnlyForDeploymentPostprocessing = 0;
		};
		35DDA87C14DE1BDD00907C1C /* Sources */ = {
			isa = PBXSourcesBuildPhase;
			buildActionMask = 2147483647;
			files = (
				35DDA88514DE1BDD00907C1C /* main.c in Sources */,
				35DDA88E14DE1C5200907C1C /* dboard.c in Sources */,
			);
			runOnlyForDeploymentPostprocessing = 0;
		};
		35DDA89514DE220000907C1C /* Sources */ = {
			isa = PBXSourcesBuildPhase;
			buildActionMask = 2147483647;
			files = (
				35DDA89D14DE220000907C1C /* main.c in Sources */,
				35DDA8A514DE24E800907C1C /* dboard.c in Sources */,
			);
			runOnlyForDeploymentPostprocessing = 0;
		};
/* End PBXSourcesBuildPhase section */

/* Begin PBXTargetDependency section */
		3527547A14E0927D00D65F51 /* PBXTargetDependency */ = {
			isa = PBXTargetDependency;
			target = 35DA586A14E089380008A764 /* COMP428-A1-Parallel-Spawn-Slave */;
			targetProxy = 3527547914E0927D00D65F51 /* PBXContainerItemProxy */;
		};
/* End PBXTargetDependency section */

/* Begin XCBuildConfiguration section */
		35DA586414E088F90008A764 /* Debug */ = {
			isa = XCBuildConfiguration;
			buildSettings = {
				ALWAYS_SEARCH_USER_PATHS = NO;
				ARCHS = "$(ARCHS_STANDARD_64_BIT)";
				CLANG_ENABLE_OBJC_ARC = YES;
				COPY_PHASE_STRIP = NO;
				GCC_C_LANGUAGE_STANDARD = gnu99;
				GCC_DYNAMIC_NO_PIC = NO;
				GCC_ENABLE_OBJC_EXCEPTIONS = YES;
				GCC_OPTIMIZATION_LEVEL = 0;
				GCC_PREPROCESSOR_DEFINITIONS = (
					"DEBUG=1",
					"$(inherited)",
				);
				GCC_SYMBOLS_PRIVATE_EXTERN = NO;
				GCC_VERSION = com.apple.compilers.llvm.clang.1_0;
				GCC_WARN_64_TO_32_BIT_CONVERSION = YES;
				GCC_WARN_ABOUT_MISSING_PROTOTYPES = YES;
				GCC_WARN_ABOUT_RETURN_TYPE = YES;
				GCC_WARN_UNUSED_VARIABLE = YES;
				MACOSX_DEPLOYMENT_TARGET = 10.7;
				ONLY_ACTIVE_ARCH = YES;
				OTHER_LDFLAGS = "-lmpi";
				PRODUCT_NAME = "$(TARGET_NAME)";
				SDKROOT = macosx;
			};
			name = Debug;
		};
		35DA586514E088F90008A764 /* Release */ = {
			isa = XCBuildConfiguration;
			buildSettings = {
				ALWAYS_SEARCH_USER_PATHS = NO;
				ARCHS = "$(ARCHS_STANDARD_64_BIT)";
				CLANG_ENABLE_OBJC_ARC = YES;
				COPY_PHASE_STRIP = YES;
				DEBUG_INFORMATION_FORMAT = "dwarf-with-dsym";
				GCC_C_LANGUAGE_STANDARD = gnu99;
				GCC_ENABLE_OBJC_EXCEPTIONS = YES;
				GCC_VERSION = com.apple.compilers.llvm.clang.1_0;
				GCC_WARN_64_TO_32_BIT_CONVERSION = YES;
				GCC_WARN_ABOUT_MISSING_PROTOTYPES = YES;
				GCC_WARN_ABOUT_RETURN_TYPE = YES;
				GCC_WARN_UNUSED_VARIABLE = YES;
				MACOSX_DEPLOYMENT_TARGET = 10.7;
				OTHER_LDFLAGS = "-lmpi";
				PRODUCT_NAME = "$(TARGET_NAME)";
				SDKROOT = macosx;
			};
			name = Release;
		};
		35DA587314E089380008A764 /* Debug */ = {
			isa = XCBuildConfiguration;
			buildSettings = {
				ALWAYS_SEARCH_USER_PATHS = NO;
				ARCHS = "$(ARCHS_STANDARD_64_BIT)";
				CLANG_ENABLE_OBJC_ARC = YES;
				COPY_PHASE_STRIP = NO;
				GCC_C_LANGUAGE_STANDARD = gnu99;
				GCC_DYNAMIC_NO_PIC = NO;
				GCC_ENABLE_OBJC_EXCEPTIONS = YES;
				GCC_OPTIMIZATION_LEVEL = 0;
				GCC_PREPROCESSOR_DEFINITIONS = (
					"DEBUG=1",
					"$(inherited)",
				);
				GCC_SYMBOLS_PRIVATE_EXTERN = NO;
				GCC_VERSION = com.apple.compilers.llvm.clang.1_0;
				GCC_WARN_64_TO_32_BIT_CONVERSION = YES;
				GCC_WARN_ABOUT_MISSING_PROTOTYPES = YES;
				GCC_WARN_ABOUT_RETURN_TYPE = YES;
				GCC_WARN_UNUSED_VARIABLE = YES;
				MACOSX_DEPLOYMENT_TARGET = 10.7;
				ONLY_ACTIVE_ARCH = YES;
				OTHER_LDFLAGS = "-lmpi";
				PRODUCT_NAME = "$(TARGET_NAME)";
				SDKROOT = macosx;
			};
			name = Debug;
		};
		35DA587414E089380008A764 /* Release */ = {
			isa = XCBuildConfiguration;
			buildSettings = {
				ALWAYS_SEARCH_USER_PATHS = NO;
				ARCHS = "$(ARCHS_STANDARD_64_BIT)";
				CLANG_ENABLE_OBJC_ARC = YES;
				COPY_PHASE_STRIP = YES;
				DEBUG_INFORMATION_FORMAT = "dwarf-with-dsym";
				GCC_C_LANGUAGE_STANDARD = gnu99;
				GCC_ENABLE_OBJC_EXCEPTIONS = YES;
				GCC_VERSION = com.apple.compilers.llvm.clang.1_0;
				GCC_WARN_64_TO_32_BIT_CONVERSION = YES;
				GCC_WARN_ABOUT_MISSING_PROTOTYPES = YES;
				GCC_WARN_ABOUT_RETURN_TYPE = YES;
				GCC_WARN_UNUSED_VARIABLE = YES;
				MACOSX_DEPLOYMENT_TARGET = 10.7;
				OTHER_LDFLAGS = "-lmpi";
				PRODUCT_NAME = "$(TARGET_NAME)";
				SDKROOT = macosx;
			};
			name = Release;
		};
		35DDA87914DE1B7C00907C1C /* Debug */ = {
			isa = XCBuildConfiguration;
			buildSettings = {
			};
			name = Debug;
		};
		35DDA87A14DE1B7C00907C1C /* Release */ = {
			isa = XCBuildConfiguration;
			buildSettings = {
			};
			name = Release;
		};
		35DDA88914DE1BDD00907C1C /* Debug */ = {
			isa = XCBuildConfiguration;
			buildSettings = {
				ALWAYS_SEARCH_USER_PATHS = NO;
				ARCHS = "$(ARCHS_STANDARD_64_BIT)";
				CLANG_ENABLE_OBJC_ARC = YES;
				COPY_PHASE_STRIP = NO;
				GCC_C_LANGUAGE_STANDARD = gnu99;
				GCC_DYNAMIC_NO_PIC = NO;
				GCC_ENABLE_OBJC_EXCEPTIONS = YES;
				GCC_OPTIMIZATION_LEVEL = 0;
				GCC_PREPROCESSOR_DEFINITIONS = (
					"DEBUG=1",
					"$(inherited)",
				);
				GCC_SYMBOLS_PRIVATE_EXTERN = NO;
				GCC_VERSION = com.apple.compilers.llvm.clang.1_0;
				GCC_WARN_64_TO_32_BIT_CONVERSION = YES;
				GCC_WARN_ABOUT_MISSING_PROTOTYPES = YES;
				GCC_WARN_ABOUT_RETURN_TYPE = YES;
				GCC_WARN_UNUSED_VARIABLE = YES;
				MACOSX_DEPLOYMENT_TARGET = 10.7;
				ONLY_ACTIVE_ARCH = YES;
				OTHER_LDFLAGS = "-lmpi";
				PRODUCT_NAME = "$(TARGET_NAME)";
				SDKROOT = macosx;
			};
			name = Debug;
		};
		35DDA88A14DE1BDD00907C1C /* Release */ = {
			isa = XCBuildConfiguration;
			buildSettings = {
				ALWAYS_SEARCH_USER_PATHS = NO;
				ARCHS = "$(ARCHS_STANDARD_64_BIT)";
				CLANG_ENABLE_OBJC_ARC = YES;
				COPY_PHASE_STRIP = YES;
				DEBUG_INFORMATION_FORMAT = "dwarf-with-dsym";
				GCC_C_LANGUAGE_STANDARD = gnu99;
				GCC_ENABLE_OBJC_EXCEPTIONS = YES;
				GCC_VERSION = com.apple.compilers.llvm.clang.1_0;
				GCC_WARN_64_TO_32_BIT_CONVERSION = YES;
				GCC_WARN_ABOUT_MISSING_PROTOTYPES = YES;
				GCC_WARN_ABOUT_RETURN_TYPE = YES;
				GCC_WARN_UNUSED_VARIABLE = YES;
				MACOSX_DEPLOYMENT_TARGET = 10.7;
				OTHER_LDFLAGS = "-lmpi";
				PRODUCT_NAME = "$(TARGET_NAME)";
				SDKROOT = macosx;
			};
			name = Release;
		};
		35DDA8A114DE220000907C1C /* Debug */ = {
			isa = XCBuildConfiguration;
			buildSettings = {
				ALWAYS_SEARCH_USER_PATHS = NO;
				ARCHS = "$(ARCHS_STANDARD_64_BIT)";
				CLANG_ENABLE_OBJC_ARC = YES;
				COPY_PHASE_STRIP = NO;
				GCC_C_LANGUAGE_STANDARD = gnu99;
				GCC_DYNAMIC_NO_PIC = NO;
				GCC_ENABLE_OBJC_EXCEPTIONS = YES;
				GCC_OPTIMIZATION_LEVEL = 0;
				GCC_PREPROCESSOR_DEFINITIONS = (
					"DEBUG=1",
					"$(inherited)",
				);
				GCC_SYMBOLS_PRIVATE_EXTERN = NO;
				GCC_VERSION = com.apple.compilers.llvm.clang.1_0;
				GCC_WARN_64_TO_32_BIT_CONVERSION = YES;
				GCC_WARN_ABOUT_MISSING_PROTOTYPES = YES;
				GCC_WARN_ABOUT_RETURN_TYPE = YES;
				GCC_WARN_UNUSED_VARIABLE = YES;
				MACOSX_DEPLOYMENT_TARGET = 10.7;
				ONLY_ACTIVE_ARCH = YES;
				PRODUCT_NAME = "$(TARGET_NAME)";
				SDKROOT = macosx;
			};
			name = Debug;
		};
		35DDA8A214DE220000907C1C /* Release */ = {
			isa = XCBuildConfiguration;
			buildSettings = {
				ALWAYS_SEARCH_USER_PATHS = NO;
				ARCHS = "$(ARCHS_STANDARD_64_BIT)";
				CLANG_ENABLE_OBJC_ARC = YES;
				COPY_PHASE_STRIP = YES;
				DEBUG_INFORMATION_FORMAT = "dwarf-with-dsym";
				GCC_C_LANGUAGE_STANDARD = gnu99;
				GCC_ENABLE_OBJC_EXCEPTIONS = YES;
				GCC_VERSION = com.apple.compilers.llvm.clang.1_0;
				GCC_WARN_64_TO_32_BIT_CONVERSION = YES;
				GCC_WARN_ABOUT_MISSING_PROTOTYPES = YES;
				GCC_WARN_ABOUT_RETURN_TYPE = YES;
				GCC_WARN_UNUSED_VARIABLE = YES;
				MACOSX_DEPLOYMENT_TARGET = 10.7;
				PRODUCT_NAME = "$(TARGET_NAME)";
				SDKROOT = macosx;
			};
			name = Release;
		};
/* End XCBuildConfiguration section */

/* Begin XCConfigurationList section */
		35DA586314E088F90008A764 /* Build configuration list for PBXNativeTarget "COMP428-A1-Parallel-Spawn-Master" */ = {
			isa = XCConfigurationList;
			buildConfigurations = (
				35DA586414E088F90008A764 /* Debug */,
				35DA586514E088F90008A764 /* Release */,
			);
			defaultConfigurationIsVisible = 0;
			defaultConfigurationName = Release;
		};
		35DA587214E089380008A764 /* Build configuration list for PBXNativeTarget "COMP428-A1-Parallel-Spawn-Slave" */ = {
			isa = XCConfigurationList;
			buildConfigurations = (
				35DA587314E089380008A764 /* Debug */,
				35DA587414E089380008A764 /* Release */,
			);
			defaultConfigurationIsVisible = 0;
			defaultConfigurationName = Release;
		};
		35DDA87714DE1B7B00907C1C /* Build configuration list for PBXProject "COMP428-A1" */ = {
			isa = XCConfigurationList;
			buildConfigurations = (
				35DDA87914DE1B7C00907C1C /* Debug */,
				35DDA87A14DE1B7C00907C1C /* Release */,
			);
			defaultConfigurationIsVisible = 0;
			defaultConfigurationName = Release;
		};
		35DDA88814DE1BDD00907C1C /* Build configuration list for PBXNativeTarget "COMP428-A1-Parallel" */ = {
			isa = XCConfigurationList;
			buildConfigurations = (
				35DDA88914DE1BDD00907C1C /* Debug */,
				35DDA88A14DE1BDD00907C1C /* Release */,
			);
			defaultConfigurationIsVisible = 0;
			defaultConfigurationName = Release;
		};
		35DDA8A014DE220000907C1C /* Build configuration list for PBXNativeTarget "COMP428-A1-Sequential" */ = {
			isa = XCConfigurationList;
			buildConfigurations = (
				35DDA8A114DE220000907C1C /* Debug */,
				35DDA8A214DE220000907C1C /* Release */,
			);
			defaultConfigurationIsVisible = 0;
			defaultConfigurationName = Release;
		};
/* End XCConfigurationList section */
	};
	rootObject = 35DDA87414DE1B7B00907C1C /* Project object */;
}
